
Microsoft Visual Studio Solution File, Format Version 12.00
# Visual Studio Version 16
VisualStudioVersion = 16.0.30114.105
MinimumVisualStudioVersion = 10.0.40219.1
Project("{FAE04EC0-301F-11D3-BF4B-00C04F79EFBC}") = "Worms.Hub.Gateway", "src\Worms.Hub.Gateway\Worms.Hub.Gateway.csproj", "{D35145B4-EB96-4BD5-9444-09B7A5F30406}"
EndProject
Project("{FAE04EC0-301F-11D3-BF4B-00C04F79EFBC}") = "Worms.Armageddon.Game", "src\Worms.Armageddon.Game\Worms.Armageddon.Game.csproj", "{34C8DD64-AB37-4308-9295-DE1401A02928}"
EndProject
Project("{FAE04EC0-301F-11D3-BF4B-00C04F79EFBC}") = "Worms.Armageddon.Files", "src\Worms.Armageddon.Files\Worms.Armageddon.Files.csproj", "{6E949043-D505-4B31-8EDA-4118E711EF98}"
EndProject
Project("{FAE04EC0-301F-11D3-BF4B-00C04F79EFBC}") = "Worms.Cli.Resources", "src\Worms.Cli.Resources\Worms.Cli.Resources.csproj", "{E61894BF-6EFD-4BC4-962D-6BA3CF153EB6}"
EndProject
Project("{FAE04EC0-301F-11D3-BF4B-00C04F79EFBC}") = "Worms.Cli", "src\Worms.Cli\Worms.Cli.csproj", "{AD5E38E3-0511-469B-93E5-0C3E666AF27E}"
EndProject
Project("{FAE04EC0-301F-11D3-BF4B-00C04F79EFBC}") = "Worms.Armageddon.Files.Tests", "src\Worms.Armageddon.Files.Tests\Worms.Armageddon.Files.Tests.csproj", "{6233FC52-586A-40A0-B369-FA77ADE35E94}"
EndProject
Project("{FAE04EC0-301F-11D3-BF4B-00C04F79EFBC}") = "Worms.Hub.ReplayProcessor", "src\Worms.Hub.ReplayProcessor\Worms.Hub.ReplayProcessor.csproj", "{F41B5B20-FDE9-4835-8282-7DB750F06992}"
EndProject
Project("{FAE04EC0-301F-11D3-BF4B-00C04F79EFBC}") = "Worms.Hub.Storage", "src\Worms.Hub.Storage\Worms.Hub.Storage.csproj", "{EE088F3B-1FF5-4525-8829-4556CC59AE57}"
EndProject
Project("{FAE04EC0-301F-11D3-BF4B-00C04F79EFBC}") = "Worms.Armageddon.Game.Tests", "src\Worms.Armageddon.Game.Tests\Worms.Armageddon.Game.Tests.csproj", "{7E809BBC-BD54-4584-A0A3-BEBF4DE64B03}"
EndProject
Project("{FAE04EC0-301F-11D3-BF4B-00C04F79EFBC}") = "Worms.Armageddon.Game.Fake", "src\Worms.Armageddon.Game.Fake\Worms.Armageddon.Game.Fake.csproj", "{10CB1CDA-F901-4EBC-BEE8-2C8C41DA35A5}"
EndProject
Project("{FAE04EC0-301F-11D3-BF4B-00C04F79EFBC}") = "Worms.Hub.Queues", "src\Worms.Hub.Queues\Worms.Hub.Queues.csproj", "{BB2B0E38-96D8-44D4-AE29-5C7A5E701E92}"
EndProject
Project("{FAE04EC0-301F-11D3-BF4B-00C04F79EFBC}") = "Worms.Hub.ReplayProcessor.Queues", "src\Worms.Hub.ReplayProcessor.Queues\Worms.Hub.ReplayProcessor.Queues.csproj", "{31670712-E626-4150-84CE-38DEFCE45276}"
EndProject
Project("{FAE04EC0-301F-11D3-BF4B-00C04F79EFBC}") = "Worms.Hub.ReplayUpdater.Queues", "src\Worms.Hub.ReplayUpdater.Queues\Worms.Hub.ReplayUpdater.Queues.csproj", "{1DADED53-0822-437E-8866-372C3B66D80F}"
EndProject
Global
	GlobalSection(SolutionConfigurationPlatforms) = preSolution
		Debug|Any CPU = Debug|Any CPU
		Release|Any CPU = Release|Any CPU
	EndGlobalSection
	GlobalSection(SolutionProperties) = preSolution
		HideSolutionNode = FALSE
	EndGlobalSection
	GlobalSection(ProjectConfigurationPlatforms) = postSolution
		{D35145B4-EB96-4BD5-9444-09B7A5F30406}.Debug|Any CPU.ActiveCfg = Debug|Any CPU
		{D35145B4-EB96-4BD5-9444-09B7A5F30406}.Debug|Any CPU.Build.0 = Debug|Any CPU
		{D35145B4-EB96-4BD5-9444-09B7A5F30406}.Release|Any CPU.ActiveCfg = Release|Any CPU
		{D35145B4-EB96-4BD5-9444-09B7A5F30406}.Release|Any CPU.Build.0 = Release|Any CPU
		{34C8DD64-AB37-4308-9295-DE1401A02928}.Debug|Any CPU.ActiveCfg = Debug|Any CPU
		{34C8DD64-AB37-4308-9295-DE1401A02928}.Debug|Any CPU.Build.0 = Debug|Any CPU
		{34C8DD64-AB37-4308-9295-DE1401A02928}.Release|Any CPU.ActiveCfg = Release|Any CPU
		{34C8DD64-AB37-4308-9295-DE1401A02928}.Release|Any CPU.Build.0 = Release|Any CPU
		{6E949043-D505-4B31-8EDA-4118E711EF98}.Debug|Any CPU.ActiveCfg = Debug|Any CPU
		{6E949043-D505-4B31-8EDA-4118E711EF98}.Debug|Any CPU.Build.0 = Debug|Any CPU
		{6E949043-D505-4B31-8EDA-4118E711EF98}.Release|Any CPU.ActiveCfg = Release|Any CPU
		{6E949043-D505-4B31-8EDA-4118E711EF98}.Release|Any CPU.Build.0 = Release|Any CPU
		{E61894BF-6EFD-4BC4-962D-6BA3CF153EB6}.Debug|Any CPU.ActiveCfg = Debug|Any CPU
		{E61894BF-6EFD-4BC4-962D-6BA3CF153EB6}.Debug|Any CPU.Build.0 = Debug|Any CPU
		{E61894BF-6EFD-4BC4-962D-6BA3CF153EB6}.Release|Any CPU.ActiveCfg = Release|Any CPU
		{E61894BF-6EFD-4BC4-962D-6BA3CF153EB6}.Release|Any CPU.Build.0 = Release|Any CPU
		{AD5E38E3-0511-469B-93E5-0C3E666AF27E}.Debug|Any CPU.ActiveCfg = Debug|Any CPU
		{AD5E38E3-0511-469B-93E5-0C3E666AF27E}.Debug|Any CPU.Build.0 = Debug|Any CPU
		{AD5E38E3-0511-469B-93E5-0C3E666AF27E}.Release|Any CPU.ActiveCfg = Release|Any CPU
		{AD5E38E3-0511-469B-93E5-0C3E666AF27E}.Release|Any CPU.Build.0 = Release|Any CPU
		{6233FC52-586A-40A0-B369-FA77ADE35E94}.Debug|Any CPU.ActiveCfg = Debug|Any CPU
		{6233FC52-586A-40A0-B369-FA77ADE35E94}.Debug|Any CPU.Build.0 = Debug|Any CPU
		{6233FC52-586A-40A0-B369-FA77ADE35E94}.Release|Any CPU.ActiveCfg = Release|Any CPU
		{6233FC52-586A-40A0-B369-FA77ADE35E94}.Release|Any CPU.Build.0 = Release|Any CPU
		{F41B5B20-FDE9-4835-8282-7DB750F06992}.Debug|Any CPU.ActiveCfg = Debug|Any CPU
		{F41B5B20-FDE9-4835-8282-7DB750F06992}.Debug|Any CPU.Build.0 = Debug|Any CPU
		{F41B5B20-FDE9-4835-8282-7DB750F06992}.Release|Any CPU.ActiveCfg = Release|Any CPU
		{F41B5B20-FDE9-4835-8282-7DB750F06992}.Release|Any CPU.Build.0 = Release|Any CPU
		{EE088F3B-1FF5-4525-8829-4556CC59AE57}.Debug|Any CPU.ActiveCfg = Debug|Any CPU
		{EE088F3B-1FF5-4525-8829-4556CC59AE57}.Debug|Any CPU.Build.0 = Debug|Any CPU
		{EE088F3B-1FF5-4525-8829-4556CC59AE57}.Release|Any CPU.ActiveCfg = Release|Any CPU
		{EE088F3B-1FF5-4525-8829-4556CC59AE57}.Release|Any CPU.Build.0 = Release|Any CPU
		{7E809BBC-BD54-4584-A0A3-BEBF4DE64B03}.Debug|Any CPU.ActiveCfg = Debug|Any CPU
		{7E809BBC-BD54-4584-A0A3-BEBF4DE64B03}.Debug|Any CPU.Build.0 = Debug|Any CPU
		{7E809BBC-BD54-4584-A0A3-BEBF4DE64B03}.Release|Any CPU.ActiveCfg = Release|Any CPU
		{7E809BBC-BD54-4584-A0A3-BEBF4DE64B03}.Release|Any CPU.Build.0 = Release|Any CPU
		{10CB1CDA-F901-4EBC-BEE8-2C8C41DA35A5}.Debug|Any CPU.ActiveCfg = Debug|Any CPU
		{10CB1CDA-F901-4EBC-BEE8-2C8C41DA35A5}.Debug|Any CPU.Build.0 = Debug|Any CPU
		{10CB1CDA-F901-4EBC-BEE8-2C8C41DA35A5}.Release|Any CPU.ActiveCfg = Release|Any CPU
		{10CB1CDA-F901-4EBC-BEE8-2C8C41DA35A5}.Release|Any CPU.Build.0 = Release|Any CPU
		{BB2B0E38-96D8-44D4-AE29-5C7A5E701E92}.Debug|Any CPU.ActiveCfg = Debug|Any CPU
		{BB2B0E38-96D8-44D4-AE29-5C7A5E701E92}.Debug|Any CPU.Build.0 = Debug|Any CPU
		{BB2B0E38-96D8-44D4-AE29-5C7A5E701E92}.Release|Any CPU.ActiveCfg = Release|Any CPU
		{BB2B0E38-96D8-44D4-AE29-5C7A5E701E92}.Release|Any CPU.Build.0 = Release|Any CPU
		{31670712-E626-4150-84CE-38DEFCE45276}.Debug|Any CPU.ActiveCfg = Debug|Any CPU
		{31670712-E626-4150-84CE-38DEFCE45276}.Debug|Any CPU.Build.0 = Debug|Any CPU
		{31670712-E626-4150-84CE-38DEFCE45276}.Release|Any CPU.ActiveCfg = Release|Any CPU
		{31670712-E626-4150-84CE-38DEFCE45276}.Release|Any CPU.Build.0 = Release|Any CPU
		{1DADED53-0822-437E-8866-372C3B66D80F}.Debug|Any CPU.ActiveCfg = Debug|Any CPU
		{1DADED53-0822-437E-8866-372C3B66D80F}.Debug|Any CPU.Build.0 = Debug|Any CPU
		{1DADED53-0822-437E-8866-372C3B66D80F}.Release|Any CPU.ActiveCfg = Release|Any CPU
		{1DADED53-0822-437E-8866-372C3B66D80F}.Release|Any CPU.Build.0 = Release|Any CPU
	EndGlobalSection
	GlobalSection(NestedProjects) = preSolution
	EndGlobalSection
EndGlobal
