
Microsoft Visual Studio Solution File, Format Version 12.00
# Visual Studio 15
VisualStudioVersion = 15.0.28307.421
MinimumVisualStudioVersion = 10.0.40219.1
Project("{FAE04EC0-301F-11D3-BF4B-00C04F79EFBC}") = "WormsRandomizer", "WormsRandomizer\WormsRandomizer.csproj", "{F4ACB96F-DB46-47CA-A721-BE354900DFEE}"
EndProject
Global
	GlobalSection(SolutionConfigurationPlatforms) = preSolution
		Debug|Any CPU = Debug|Any CPU
		Release|Any CPU = Release|Any CPU
	EndGlobalSection
	GlobalSection(ProjectConfigurationPlatforms) = postSolution
		{F4ACB96F-DB46-47CA-A721-BE354900DFEE}.Debug|Any CPU.ActiveCfg = Debug|Any CPU
		{F4ACB96F-DB46-47CA-A721-BE354900DFEE}.Debug|Any CPU.Build.0 = Debug|Any CPU
		{F4ACB96F-DB46-47CA-A721-BE354900DFEE}.Release|Any CPU.ActiveCfg = Release|Any CPU
		{F4ACB96F-DB46-47CA-A721-BE354900DFEE}.Release|Any CPU.Build.0 = Release|Any CPU
	EndGlobalSection
	GlobalSection(SolutionProperties) = preSolution
		HideSolutionNode = FALSE
	EndGlobalSection
	GlobalSection(ExtensibilityGlobals) = postSolution
		SolutionGuid = {FBA170C5-BEE6-43F3-8B24-65D519F4CE6B}
	EndGlobalSection
EndGlobal
