
Microsoft Visual Studio Solution File, Format Version 12.00
# Visual Studio 15
VisualStudioVersion = 15.0.26124.0
MinimumVisualStudioVersion = 15.0.26124.0
Project("{FAE04EC0-301F-11D3-BF4B-00C04F79EFBC}") = "Worms", "src\Worms\worms.csproj", "{DF42A167-014E-4028-8E3A-12D76A211AB5}"
EndProject
Project("{FAE04EC0-301F-11D3-BF4B-00C04F79EFBC}") = "Worms.Armageddon.Game", "src\Worms.Armageddon.Game\Worms.Armageddon.Game.csproj", "{D2CEB1E4-3B74-4279-BB35-6FDAE14BB587}"
EndProject
Project("{FAE04EC0-301F-11D3-BF4B-00C04F79EFBC}") = "Worms.Armageddon.Resources", "src\Worms.Armageddon.Resources\Worms.Armageddon.Resources.csproj", "{4ABB5A97-19AC-4CCE-BB88-FAC2CE91C97A}"
EndProject
Project("{FAE04EC0-301F-11D3-BF4B-00C04F79EFBC}") = "Worms.Armageddon.Resources.Tests", "src\Worms.Armageddon.Resources.Tests\Worms.Armageddon.Resources.Tests.csproj", "{52B33C8D-6C98-481B-AD56-6ED5432448D1}"
EndProject
Project("{FAE04EC0-301F-11D3-BF4B-00C04F79EFBC}") = "Worms.Cli.Resources", "src\Worms.Cli.Resources\Worms.Cli.Resources.csproj", "{5E856C9A-674F-48A5-A17F-EF6A7E8D568C}"
EndProject
Global
	GlobalSection(SolutionConfigurationPlatforms) = preSolution
		Debug|Any CPU = Debug|Any CPU
		Debug|x64 = Debug|x64
		Debug|x86 = Debug|x86
		Release|Any CPU = Release|Any CPU
		Release|x64 = Release|x64
		Release|x86 = Release|x86
	EndGlobalSection
	GlobalSection(SolutionProperties) = preSolution
		HideSolutionNode = FALSE
	EndGlobalSection
	GlobalSection(ProjectConfigurationPlatforms) = postSolution
		{DF42A167-014E-4028-8E3A-12D76A211AB5}.Debug|Any CPU.ActiveCfg = Debug|Any CPU
		{DF42A167-014E-4028-8E3A-12D76A211AB5}.Debug|Any CPU.Build.0 = Debug|Any CPU
		{DF42A167-014E-4028-8E3A-12D76A211AB5}.Debug|x64.ActiveCfg = Debug|Any CPU
		{DF42A167-014E-4028-8E3A-12D76A211AB5}.Debug|x64.Build.0 = Debug|Any CPU
		{DF42A167-014E-4028-8E3A-12D76A211AB5}.Debug|x86.ActiveCfg = Debug|Any CPU
		{DF42A167-014E-4028-8E3A-12D76A211AB5}.Debug|x86.Build.0 = Debug|Any CPU
		{DF42A167-014E-4028-8E3A-12D76A211AB5}.Release|Any CPU.ActiveCfg = Release|Any CPU
		{DF42A167-014E-4028-8E3A-12D76A211AB5}.Release|Any CPU.Build.0 = Release|Any CPU
		{DF42A167-014E-4028-8E3A-12D76A211AB5}.Release|x64.ActiveCfg = Release|Any CPU
		{DF42A167-014E-4028-8E3A-12D76A211AB5}.Release|x64.Build.0 = Release|Any CPU
		{DF42A167-014E-4028-8E3A-12D76A211AB5}.Release|x86.ActiveCfg = Release|Any CPU
		{DF42A167-014E-4028-8E3A-12D76A211AB5}.Release|x86.Build.0 = Release|Any CPU
		{D2CEB1E4-3B74-4279-BB35-6FDAE14BB587}.Debug|Any CPU.ActiveCfg = Debug|Any CPU
		{D2CEB1E4-3B74-4279-BB35-6FDAE14BB587}.Debug|Any CPU.Build.0 = Debug|Any CPU
		{D2CEB1E4-3B74-4279-BB35-6FDAE14BB587}.Debug|x64.ActiveCfg = Debug|Any CPU
		{D2CEB1E4-3B74-4279-BB35-6FDAE14BB587}.Debug|x64.Build.0 = Debug|Any CPU
		{D2CEB1E4-3B74-4279-BB35-6FDAE14BB587}.Debug|x86.ActiveCfg = Debug|Any CPU
		{D2CEB1E4-3B74-4279-BB35-6FDAE14BB587}.Debug|x86.Build.0 = Debug|Any CPU
		{D2CEB1E4-3B74-4279-BB35-6FDAE14BB587}.Release|Any CPU.ActiveCfg = Release|Any CPU
		{D2CEB1E4-3B74-4279-BB35-6FDAE14BB587}.Release|Any CPU.Build.0 = Release|Any CPU
		{D2CEB1E4-3B74-4279-BB35-6FDAE14BB587}.Release|x64.ActiveCfg = Release|Any CPU
		{D2CEB1E4-3B74-4279-BB35-6FDAE14BB587}.Release|x64.Build.0 = Release|Any CPU
		{D2CEB1E4-3B74-4279-BB35-6FDAE14BB587}.Release|x86.ActiveCfg = Release|Any CPU
		{D2CEB1E4-3B74-4279-BB35-6FDAE14BB587}.Release|x86.Build.0 = Release|Any CPU
		{4ABB5A97-19AC-4CCE-BB88-FAC2CE91C97A}.Debug|Any CPU.ActiveCfg = Debug|Any CPU
		{4ABB5A97-19AC-4CCE-BB88-FAC2CE91C97A}.Debug|Any CPU.Build.0 = Debug|Any CPU
		{4ABB5A97-19AC-4CCE-BB88-FAC2CE91C97A}.Debug|x64.ActiveCfg = Debug|Any CPU
		{4ABB5A97-19AC-4CCE-BB88-FAC2CE91C97A}.Debug|x64.Build.0 = Debug|Any CPU
		{4ABB5A97-19AC-4CCE-BB88-FAC2CE91C97A}.Debug|x86.ActiveCfg = Debug|Any CPU
		{4ABB5A97-19AC-4CCE-BB88-FAC2CE91C97A}.Debug|x86.Build.0 = Debug|Any CPU
		{4ABB5A97-19AC-4CCE-BB88-FAC2CE91C97A}.Release|Any CPU.ActiveCfg = Release|Any CPU
		{4ABB5A97-19AC-4CCE-BB88-FAC2CE91C97A}.Release|Any CPU.Build.0 = Release|Any CPU
		{4ABB5A97-19AC-4CCE-BB88-FAC2CE91C97A}.Release|x64.ActiveCfg = Release|Any CPU
		{4ABB5A97-19AC-4CCE-BB88-FAC2CE91C97A}.Release|x64.Build.0 = Release|Any CPU
		{4ABB5A97-19AC-4CCE-BB88-FAC2CE91C97A}.Release|x86.ActiveCfg = Release|Any CPU
		{4ABB5A97-19AC-4CCE-BB88-FAC2CE91C97A}.Release|x86.Build.0 = Release|Any CPU
		{52B33C8D-6C98-481B-AD56-6ED5432448D1}.Debug|Any CPU.ActiveCfg = Debug|Any CPU
		{52B33C8D-6C98-481B-AD56-6ED5432448D1}.Debug|Any CPU.Build.0 = Debug|Any CPU
		{52B33C8D-6C98-481B-AD56-6ED5432448D1}.Debug|x64.ActiveCfg = Debug|Any CPU
		{52B33C8D-6C98-481B-AD56-6ED5432448D1}.Debug|x64.Build.0 = Debug|Any CPU
		{52B33C8D-6C98-481B-AD56-6ED5432448D1}.Debug|x86.ActiveCfg = Debug|Any CPU
		{52B33C8D-6C98-481B-AD56-6ED5432448D1}.Debug|x86.Build.0 = Debug|Any CPU
		{52B33C8D-6C98-481B-AD56-6ED5432448D1}.Release|Any CPU.ActiveCfg = Release|Any CPU
		{52B33C8D-6C98-481B-AD56-6ED5432448D1}.Release|Any CPU.Build.0 = Release|Any CPU
		{52B33C8D-6C98-481B-AD56-6ED5432448D1}.Release|x64.ActiveCfg = Release|Any CPU
		{52B33C8D-6C98-481B-AD56-6ED5432448D1}.Release|x64.Build.0 = Release|Any CPU
		{52B33C8D-6C98-481B-AD56-6ED5432448D1}.Release|x86.ActiveCfg = Release|Any CPU
		{52B33C8D-6C98-481B-AD56-6ED5432448D1}.Release|x86.Build.0 = Release|Any CPU
		{5E856C9A-674F-48A5-A17F-EF6A7E8D568C}.Debug|Any CPU.ActiveCfg = Debug|Any CPU
		{5E856C9A-674F-48A5-A17F-EF6A7E8D568C}.Debug|Any CPU.Build.0 = Debug|Any CPU
		{5E856C9A-674F-48A5-A17F-EF6A7E8D568C}.Debug|x64.ActiveCfg = Debug|Any CPU
		{5E856C9A-674F-48A5-A17F-EF6A7E8D568C}.Debug|x64.Build.0 = Debug|Any CPU
		{5E856C9A-674F-48A5-A17F-EF6A7E8D568C}.Debug|x86.ActiveCfg = Debug|Any CPU
		{5E856C9A-674F-48A5-A17F-EF6A7E8D568C}.Debug|x86.Build.0 = Debug|Any CPU
		{5E856C9A-674F-48A5-A17F-EF6A7E8D568C}.Release|Any CPU.ActiveCfg = Release|Any CPU
		{5E856C9A-674F-48A5-A17F-EF6A7E8D568C}.Release|Any CPU.Build.0 = Release|Any CPU
		{5E856C9A-674F-48A5-A17F-EF6A7E8D568C}.Release|x64.ActiveCfg = Release|Any CPU
		{5E856C9A-674F-48A5-A17F-EF6A7E8D568C}.Release|x64.Build.0 = Release|Any CPU
		{5E856C9A-674F-48A5-A17F-EF6A7E8D568C}.Release|x86.ActiveCfg = Release|Any CPU
		{5E856C9A-674F-48A5-A17F-EF6A7E8D568C}.Release|x86.Build.0 = Release|Any CPU
	EndGlobalSection
EndGlobal
